{
  "version": 4,
  "terraform_version": "1.15.4",
  "serial": 11,
  "lineage": "21c57813-4849-563f-1b74-8045aa9f12b4",
  "outputs": {},
  "resources": [
    {
      "mode": "managed",
      "type": "local_file",
      "name": "env_file",
      "provider": "provider[\"registry.terraform.io/hashicorp/local\"]",
      "instances": [
        {
          "schema_version": 0,
          "attributes": {
            "content": "ZITADEL_ISSUER=http://localhost:8080\nZITADEL_CLIENT_ID=374120783271690243\nZITADEL_CLIENT_SECRET=BufAgl14YKVTiFNjIXBgF75VQi5qXtbhAHhiF6nlGB0ai6fahxtvV3HtmTqp6YAE\nZITADEL_REDIRECT_URI=http://localhost:3000/api/auth/callback\n",
            "content_base64": null,
            "content_base64sha256": "+wrrVQf5iVtV/oLJBY9aiIg+XAB7xx94k/H5Y4/v0tY=",
            "content_base64sha512": "DCB+SgBnqFEHGPfz/u1kFpy+bWjED26Z06apWNqMERTEIA64KCJRMdOI24gHfB+j0nVufbPufKL+MCddSQ9rjQ==",
            "content_md5": "076a285edba2cba6f07f39d2033bb1fc",
            "content_sha1": "218136dce4249372a116652225a4ec16f972cbf8",
            "content_sha256": "fb0aeb5507f9895b55fe82c9058f5a88883e5c007bc71f7893f1f9638fefd2d6",
            "content_sha512": "0c207e4a0067a8510718f7f3feed64169cbe6d68c40f6e99d3a6a958da8c1114c4200eb828225131d388db88077c1fa3d2756e7db3ee7ca2fe30275d490f6b8d",
            "directory_permission": "0777",
            "file_permission": "0777",
            "filename": "/app/.env",
            "id": "218136dce4249372a116652225a4ec16f972cbf8",
            "sensitive_content": null,
            "source": null
          },
          "sensitive_attributes": [
            [
              {
                "type": "get_attr",
                "value": "content"
              }
            ],
            [
              {
                "type": "get_attr",
                "value": "sensitive_content"
              }
            ]
          ],
          "identity_schema_version": 0,
          "dependencies": [
            "zitadel_application_oidc.open_donate_web",
            "zitadel_project.open_donate"
          ]
        }
      ]
    },
    {
      "mode": "managed",
      "type": "zitadel_application_oidc",
      "name": "open_donate_web",
      "provider": "provider[\"registry.terraform.io/zitadel/zitadel\"]",
      "instances": [
        {
          "schema_version": 0,
          "attributes": {
            "access_token_role_assertion": false,
            "access_token_type": "OIDC_TOKEN_TYPE_BEARER",
            "additional_origins": null,
            "app_type": "OIDC_APP_TYPE_WEB",
            "auth_method_type": "OIDC_AUTH_METHOD_TYPE_POST",
            "back_channel_logout_uri": "",
            "client_id": "374120783271690243",
            "client_secret": "BufAgl14YKVTiFNjIXBgF75VQi5qXtbhAHhiF6nlGB0ai6fahxtvV3HtmTqp6YAE",
            "clock_skew": "0s",
            "compliance_problems": [],
            "dev_mode": false,
            "grant_types": [
              "OIDC_GRANT_TYPE_AUTHORIZATION_CODE"
            ],
            "id": "374120783254913027",
            "id_token_role_assertion": false,
            "id_token_userinfo_assertion": false,
            "login_version": null,
            "name": "open-donate-web",
            "none_compliant": false,
            "org_id": "374120615902248963",
            "post_logout_redirect_uris": [
              "http://localhost:3000"
            ],
            "project_id": "374120783238135811",
            "redirect_uris": [
              "http://localhost:3000/api/auth/callback"
            ],
            "response_types": [
              "OIDC_RESPONSE_TYPE_CODE"
            ],
            "skip_native_app_success_page": false,
            "version": "OIDC_VERSION_1_0"
          },
          "sensitive_attributes": [
            [
              {
                "type": "get_attr",
                "value": "client_id"
              }
            ],
            [
              {
                "type": "get_attr",
                "value": "client_secret"
              }
            ]
          ],
          "identity_schema_version": 0,
          "private": "bnVsbA==",
          "dependencies": [
            "zitadel_project.open_donate"
          ]
        }
      ]
    },
    {
      "mode": "managed",
      "type": "zitadel_project",
      "name": "open_donate",
      "provider": "provider[\"registry.terraform.io/zitadel/zitadel\"]",
      "instances": [
        {
          "schema_version": 0,
          "attributes": {
            "has_project_check": null,
            "id": "374120783238135811",
            "name": "open-donate",
            "org_id": null,
            "private_labeling_setting": "PRIVATE_LABELING_SETTING_UNSPECIFIED",
            "project_role_assertion": null,
            "project_role_check": null,
            "state": null
          },
          "sensitive_attributes": [],
          "identity_schema_version": 0,
          "private": "bnVsbA=="
        }
      ]
    }
  ],
  "check_results": null
}
