{
  "version": 4,
  "terraform_version": "1.15.4",
  "serial": 4,
  "lineage": "e6d0f6a8-1a9a-b541-e5a4-5618c10664cf",
  "outputs": {},
  "resources": [
    {
      "mode": "managed",
      "type": "local_file",
      "name": "env_file",
      "provider": "provider[\"registry.terraform.io/hashicorp/local\"]",
      "instances": [
        {
          "schema_version": 0,
          "attributes": {
            "content": "ZITADEL_ISSUER=http://localhost:8080\nZITADEL_CLIENT_ID=374123297991884803\nZITADEL_CLIENT_SECRET=VUXe306ln1UsybVck8eOJdDjObiz4TPEvwYRZCGFVx3mWuZb2FXfUadOAjaoilUr\nZITADEL_REDIRECT_URI=http://localhost:3000/api/auth/callback\nDATABASE_URL=postgres://postgres:postgres@localhost:5432/open_donate\n",
            "content_base64": null,
            "content_base64sha256": "sswCAxtpTdv9PvJmXYgp+QwqVpe7AbQ/BHcqn1O67GU=",
            "content_base64sha512": "Kxjntyuou0adzg1ltdGRGghtkT3LvTvxJBWlZMzrmy2Yalsa8jJCmroewJS7Rv+JiI+eazmqopqEzBPB1DYjhg==",
            "content_md5": "e8f3ee94c92aceffbde22f9c096d4edd",
            "content_sha1": "0cd578f159c09bcebb4ac76d970dd4345bed8bfc",
            "content_sha256": "b2cc02031b694ddbfd3ef2665d8829f90c2a5697bb01b43f04772a9f53baec65",
            "content_sha512": "2b18e7b72ba8bb469dce0d65b5d1911a086d913dcbbd3bf12415a564cceb9b2d986a5b1af232429aba1ec094bb46ff89888f9e6b39aaa29a84cc13c1d4362386",
            "directory_permission": "0777",
            "file_permission": "0777",
            "filename": "/app/.env",
            "id": "0cd578f159c09bcebb4ac76d970dd4345bed8bfc",
            "sensitive_content": null,
            "source": null
          },
          "sensitive_attributes": [
            [
              {
                "type": "get_attr",
                "value": "content"
              }
            ],
            [
              {
                "type": "get_attr",
                "value": "sensitive_content"
              }
            ]
          ],
          "identity_schema_version": 0,
          "dependencies": [
            "zitadel_application_oidc.open_donate_web",
            "zitadel_project.open_donate"
          ]
        }
      ]
    },
    {
      "mode": "managed",
      "type": "zitadel_application_oidc",
      "name": "open_donate_web",
      "provider": "provider[\"registry.terraform.io/zitadel/zitadel\"]",
      "instances": [
        {
          "schema_version": 0,
          "attributes": {
            "access_token_role_assertion": false,
            "access_token_type": "OIDC_TOKEN_TYPE_BEARER",
            "additional_origins": null,
            "app_type": "OIDC_APP_TYPE_WEB",
            "auth_method_type": "OIDC_AUTH_METHOD_TYPE_POST",
            "back_channel_logout_uri": "",
            "client_id": "374123297991884803",
            "client_secret": "VUXe306ln1UsybVck8eOJdDjObiz4TPEvwYRZCGFVx3mWuZb2FXfUadOAjaoilUr",
            "clock_skew": "0s",
            "compliance_problems": [],
            "dev_mode": false,
            "grant_types": [
              "OIDC_GRANT_TYPE_AUTHORIZATION_CODE"
            ],
            "id": "374123297991819267",
            "id_token_role_assertion": false,
            "id_token_userinfo_assertion": false,
            "login_version": null,
            "name": "open-donate-web",
            "none_compliant": false,
            "org_id": "374123233735147523",
            "post_logout_redirect_uris": [
              "http://localhost:3000"
            ],
            "project_id": "374123297958264835",
            "redirect_uris": [
              "http://localhost:3000/api/auth/callback"
            ],
            "response_types": [
              "OIDC_RESPONSE_TYPE_CODE"
            ],
            "skip_native_app_success_page": false,
            "version": "OIDC_VERSION_1_0"
          },
          "sensitive_attributes": [
            [
              {
                "type": "get_attr",
                "value": "client_id"
              }
            ],
            [
              {
                "type": "get_attr",
                "value": "client_secret"
              }
            ]
          ],
          "identity_schema_version": 0,
          "private": "bnVsbA==",
          "dependencies": [
            "zitadel_project.open_donate"
          ]
        }
      ]
    },
    {
      "mode": "managed",
      "type": "zitadel_project",
      "name": "open_donate",
      "provider": "provider[\"registry.terraform.io/zitadel/zitadel\"]",
      "instances": [
        {
          "schema_version": 0,
          "attributes": {
            "has_project_check": null,
            "id": "374123297958264835",
            "name": "open-donate",
            "org_id": null,
            "private_labeling_setting": "PRIVATE_LABELING_SETTING_UNSPECIFIED",
            "project_role_assertion": null,
            "project_role_check": null,
            "state": null
          },
          "sensitive_attributes": [],
          "identity_schema_version": 0,
          "private": "bnVsbA=="
        }
      ]
    }
  ],
  "check_results": null
}
