{
  "version": 4,
  "terraform_version": "1.5.7",
  "serial": 10,
  "lineage": "6e7fcc86-8b28-c488-4771-92767f7dea96",
  "outputs": {},
  "resources": [
    {
      "mode": "managed",
      "type": "keycloak_openid_client",
      "name": "open_donate_web",
      "provider": "provider[\"registry.terraform.io/mrparkers/keycloak\"]",
      "instances": [
        {
          "schema_version": 0,
          "attributes": {
            "access_token_lifespan": "",
            "access_type": "CONFIDENTIAL",
            "admin_url": "",
            "authentication_flow_binding_overrides": [],
            "authorization": [],
            "backchannel_logout_revoke_offline_sessions": false,
            "backchannel_logout_session_required": true,
            "backchannel_logout_url": "",
            "base_url": "",
            "client_authenticator_type": "client-secret",
            "client_id": "open-donate-web",
            "client_offline_session_idle_timeout": "",
            "client_offline_session_max_lifespan": "",
            "client_secret": "8vuqrQb4BVPNgPYHmupIwltk3hEfRVo8",
            "client_session_idle_timeout": "",
            "client_session_max_lifespan": "",
            "consent_required": false,
            "consent_screen_text": "",
            "description": "",
            "direct_access_grants_enabled": false,
            "display_on_consent_screen": false,
            "enabled": true,
            "exclude_session_state_from_auth_response": null,
            "extra_config": {},
            "frontchannel_logout_enabled": false,
            "frontchannel_logout_url": "",
            "full_scope_allowed": true,
            "id": "f105f8b5-5aa4-406b-a652-500ff3ce73a2",
            "implicit_flow_enabled": false,
            "import": false,
            "login_theme": "",
            "name": "Open Donate Web App",
            "oauth2_device_authorization_grant_enabled": false,
            "oauth2_device_code_lifespan": "",
            "oauth2_device_polling_interval": "",
            "pkce_code_challenge_method": null,
            "realm_id": "open-donate",
            "resource_server_id": null,
            "root_url": "",
            "service_account_user_id": "",
            "service_accounts_enabled": false,
            "standard_flow_enabled": true,
            "use_refresh_tokens": true,
            "use_refresh_tokens_client_credentials": false,
            "valid_post_logout_redirect_uris": [],
            "valid_redirect_uris": [
              "http://localhost:3000/api/auth/callback"
            ],
            "web_origins": [
              "+"
            ]
          },
          "sensitive_attributes": [],
          "private": "bnVsbA==",
          "dependencies": [
            "keycloak_realm.open_donate"
          ]
        }
      ]
    },
    {
      "mode": "managed",
      "type": "keycloak_realm",
      "name": "open_donate",
      "provider": "provider[\"registry.terraform.io/mrparkers/keycloak\"]",
      "instances": [
        {
          "schema_version": 0,
          "attributes": {
            "access_code_lifespan": "1m0s",
            "access_code_lifespan_login": "30m0s",
            "access_code_lifespan_user_action": "5m0s",
            "access_token_lifespan": "5m0s",
            "access_token_lifespan_for_implicit_flow": "15m0s",
            "account_theme": "",
            "action_token_generated_by_admin_lifespan": "12h0m0s",
            "action_token_generated_by_user_lifespan": "5m0s",
            "admin_theme": "",
            "attributes": {
              "userProfileEnabled": "true"
            },
            "browser_flow": "browser",
            "client_authentication_flow": "clients",
            "client_session_idle_timeout": "0s",
            "client_session_max_lifespan": "0s",
            "default_default_client_scopes": [],
            "default_optional_client_scopes": [],
            "default_signature_algorithm": "",
            "direct_grant_flow": "direct grant",
            "display_name": "Open Donate",
            "display_name_html": "",
            "docker_authentication_flow": "docker auth",
            "duplicate_emails_allowed": false,
            "edit_username_allowed": false,
            "email_theme": "",
            "enabled": true,
            "id": "open-donate",
            "internal_id": "open-donate",
            "internationalization": [],
            "login_theme": "",
            "login_with_email_allowed": false,
            "oauth2_device_code_lifespan": "10m0s",
            "oauth2_device_polling_interval": 5,
            "offline_session_idle_timeout": "720h0m0s",
            "offline_session_max_lifespan": "1440h0m0s",
            "offline_session_max_lifespan_enabled": false,
            "otp_policy": [
              {
                "algorithm": "HmacSHA1",
                "digits": 6,
                "initial_counter": 0,
                "look_ahead_window": 1,
                "period": 30,
                "type": "totp"
              }
            ],
            "password_policy": "",
            "realm": "open-donate",
            "refresh_token_max_reuse": 0,
            "registration_allowed": true,
            "registration_email_as_username": true,
            "registration_flow": "registration",
            "remember_me": true,
            "reset_credentials_flow": "reset credentials",
            "reset_password_allowed": true,
            "revoke_refresh_token": false,
            "security_defenses": [],
            "smtp_server": [],
            "ssl_required": "NONE",
            "sso_session_idle_timeout": "24h0m0s",
            "sso_session_idle_timeout_remember_me": "0s",
            "sso_session_max_lifespan": "168h0m0s",
            "sso_session_max_lifespan_remember_me": "0s",
            "user_managed_access": false,
            "verify_email": false,
            "web_authn_passwordless_policy": [
              {
                "acceptable_aaguids": [],
                "attestation_conveyance_preference": "not specified",
                "authenticator_attachment": "not specified",
                "avoid_same_authenticator_register": false,
                "create_timeout": 0,
                "relying_party_entity_name": "keycloak",
                "relying_party_id": "",
                "require_resident_key": "Yes",
                "signature_algorithms": [
                  "ES256",
                  "RS256"
                ],
                "user_verification_requirement": "required"
              }
            ],
            "web_authn_policy": [
              {
                "acceptable_aaguids": [],
                "attestation_conveyance_preference": "not specified",
                "authenticator_attachment": "not specified",
                "avoid_same_authenticator_register": false,
                "create_timeout": 0,
                "relying_party_entity_name": "keycloak",
                "relying_party_id": "",
                "require_resident_key": "not specified",
                "signature_algorithms": [
                  "ES256",
                  "RS256"
                ],
                "user_verification_requirement": "not specified"
              }
            ]
          },
          "sensitive_attributes": [],
          "private": "bnVsbA=="
        }
      ]
    },
    {
      "mode": "managed",
      "type": "keycloak_realm_user_profile",
      "name": "open_donate_profile",
      "provider": "provider[\"registry.terraform.io/mrparkers/keycloak\"]",
      "instances": [
        {
          "schema_version": 0,
          "attributes": {
            "attribute": [
              {
                "annotations": {},
                "display_name": "${ro.username}",
                "enabled_when_scope": [],
                "group": "",
                "name": "username",
                "permissions": [
                  {
                    "edit": [
                      "admin",
                      "user"
                    ],
                    "view": [
                      "admin",
                      "user"
                    ]
                  }
                ],
                "required_for_roles": [],
                "required_for_scopes": [],
                "validator": []
              },
              {
                "annotations": {},
                "display_name": "${email}",
                "enabled_when_scope": [],
                "group": "",
                "name": "email",
                "permissions": [
                  {
                    "edit": [
                      "admin",
                      "user"
                    ],
                    "view": [
                      "admin",
                      "user"
                    ]
                  }
                ],
                "required_for_roles": [
                  "user"
                ],
                "required_for_scopes": [],
                "validator": []
              }
            ],
            "group": [],
            "id": "open-donate",
            "realm_id": "open-donate"
          },
          "sensitive_attributes": [],
          "private": "bnVsbA==",
          "dependencies": [
            "keycloak_realm.open_donate"
          ]
        }
      ]
    },
    {
      "mode": "managed",
      "type": "local_file",
      "name": "env_file",
      "provider": "provider[\"registry.terraform.io/hashicorp/local\"]",
      "instances": [
        {
          "schema_version": 0,
          "attributes": {
            "content": "OIDC_ISSUER=http://localhost:8080/realms/open-donate\nOIDC_CLIENT_ID=open-donate-web\nOIDC_CLIENT_SECRET=8vuqrQb4BVPNgPYHmupIwltk3hEfRVo8\nOIDC_REDIRECT_URI=http://localhost:3000/api/auth/callback\nDATABASE_URL=postgres://postgres:postgres@localhost:5432/open_donate\n",
            "content_base64": null,
            "content_base64sha256": "cOl1kWGBI75taGAVWdNbNEmd3soTFstU4oVpMuMvFx8=",
            "content_base64sha512": "bhpIQB7iTjpAVcRTeikztZnxegDhTiQnv3ebRxDZsEwZMlwCFC0ZyLW+420mLAlBQ9z2sWqLtRQfsxlZ8fy5nA==",
            "content_md5": "e9bf9c5dcd44b7d1d19782499421b1e0",
            "content_sha1": "32b3020f7b934d80531797e35ba21c7ef0042491",
            "content_sha256": "70e97591618123be6d68601559d35b34499ddeca1316cb54e2856932e32f171f",
            "content_sha512": "6e1a48401ee24e3a4055c4537a2933b599f17a00e14e2427bf779b4710d9b04c19325c02142d19c8b5bee36d262c094143dcf6b16a8bb5141fb31959f1fcb99c",
            "directory_permission": "0777",
            "file_permission": "0777",
            "filename": "../.env",
            "id": "32b3020f7b934d80531797e35ba21c7ef0042491",
            "sensitive_content": null,
            "source": null
          },
          "sensitive_attributes": [
            [
              {
                "type": "get_attr",
                "value": "content"
              }
            ]
          ],
          "dependencies": [
            "keycloak_openid_client.open_donate_web",
            "keycloak_realm.open_donate"
          ]
        }
      ]
    }
  ],
  "check_results": null
}
