{
  "version": 4,
  "terraform_version": "1.15.4",
  "serial": 4,
  "lineage": "21c57813-4849-563f-1b74-8045aa9f12b4",
  "outputs": {},
  "resources": [
    {
      "mode": "managed",
      "type": "local_file",
      "name": "env_file",
      "provider": "provider[\"registry.terraform.io/hashicorp/local\"]",
      "instances": [
        {
          "schema_version": 0,
          "attributes": {
            "content": "ZITADEL_ISSUER=http://localhost:8080\nZITADEL_CLIENT_ID=374120729920208899\nZITADEL_CLIENT_SECRET=cYwz7VWR0yFkPVmwCwRq3coA162adb5aCpchEkuUJz7vk1wmm8gYdtYspdlhbsAk\nZITADEL_REDIRECT_URI=http://localhost:3000/api/auth/callback\n",
            "content_base64": null,
            "content_base64sha256": "Da4EI66AO8EvSNgtTToW4bmJHFOZbwXxCCeUtXPRXFY=",
            "content_base64sha512": "4sdeHSLGpq2vQZEbse69s1XobXwvtkLrxRQi5ZQtU4E7fmU+ICWVV3gsWYInxMO76S/OfGi1JGTtrXVM/wiB0Q==",
            "content_md5": "d5f53a5420ecb276f581099268def794",
            "content_sha1": "185721714ee558355acc1c5da65deecb88824357",
            "content_sha256": "0dae0423ae803bc12f48d82d4d3a16e1b9891c53996f05f1082794b573d15c56",
            "content_sha512": "e2c75e1d22c6a6adaf41911bb1eebdb355e86d7c2fb642ebc51422e5942d53813b7e653e20259557782c598227c4c3bbe92fce7c68b52464edad754cff0881d1",
            "directory_permission": "0777",
            "file_permission": "0777",
            "filename": "/app/.env",
            "id": "185721714ee558355acc1c5da65deecb88824357",
            "sensitive_content": null,
            "source": null
          },
          "sensitive_attributes": [
            [
              {
                "type": "get_attr",
                "value": "content"
              }
            ],
            [
              {
                "type": "get_attr",
                "value": "sensitive_content"
              }
            ]
          ],
          "identity_schema_version": 0,
          "dependencies": [
            "zitadel_application_oidc.open_donate_web",
            "zitadel_project.open_donate"
          ]
        }
      ]
    },
    {
      "mode": "managed",
      "type": "zitadel_application_oidc",
      "name": "open_donate_web",
      "provider": "provider[\"registry.terraform.io/zitadel/zitadel\"]",
      "instances": [
        {
          "schema_version": 0,
          "attributes": {
            "access_token_role_assertion": false,
            "access_token_type": "OIDC_TOKEN_TYPE_BEARER",
            "additional_origins": null,
            "app_type": "OIDC_APP_TYPE_WEB",
            "auth_method_type": "OIDC_AUTH_METHOD_TYPE_BASIC",
            "back_channel_logout_uri": "",
            "client_id": "374120729920208899",
            "client_secret": "cYwz7VWR0yFkPVmwCwRq3coA162adb5aCpchEkuUJz7vk1wmm8gYdtYspdlhbsAk",
            "clock_skew": "0s",
            "compliance_problems": [],
            "dev_mode": false,
            "grant_types": [
              "OIDC_GRANT_TYPE_AUTHORIZATION_CODE"
            ],
            "id": "374120729920143363",
            "id_token_role_assertion": false,
            "id_token_userinfo_assertion": false,
            "login_version": null,
            "name": "open-donate-web",
            "none_compliant": false,
            "org_id": "374120615902248963",
            "post_logout_redirect_uris": [
              "http://localhost:3000"
            ],
            "project_id": "374120729886588931",
            "redirect_uris": [
              "http://localhost:3000/api/auth/callback"
            ],
            "response_types": [
              "OIDC_RESPONSE_TYPE_CODE"
            ],
            "skip_native_app_success_page": false,
            "version": "OIDC_VERSION_1_0"
          },
          "sensitive_attributes": [
            [
              {
                "type": "get_attr",
                "value": "client_id"
              }
            ],
            [
              {
                "type": "get_attr",
                "value": "client_secret"
              }
            ]
          ],
          "identity_schema_version": 0,
          "private": "bnVsbA==",
          "dependencies": [
            "zitadel_project.open_donate"
          ]
        }
      ]
    },
    {
      "mode": "managed",
      "type": "zitadel_project",
      "name": "open_donate",
      "provider": "provider[\"registry.terraform.io/zitadel/zitadel\"]",
      "instances": [
        {
          "schema_version": 0,
          "attributes": {
            "has_project_check": null,
            "id": "374120729886588931",
            "name": "open-donate",
            "org_id": null,
            "private_labeling_setting": "PRIVATE_LABELING_SETTING_UNSPECIFIED",
            "project_role_assertion": null,
            "project_role_check": null,
            "state": null
          },
          "sensitive_attributes": [],
          "identity_schema_version": 0,
          "private": "bnVsbA=="
        }
      ]
    }
  ],
  "check_results": null
}
